
Microsoft Visual Studio Solution File, Format Version 12.00
# Visual Studio Version 17
VisualStudioVersion = 17.5.33414.496
MinimumVisualStudioVersion = 10.0.40219.1
Project("{FAE04EC0-301F-11D3-BF4B-00C04F79EFBC}") = "Gestion_Commandes", "Gestion_Commandes.csproj", "{03D860AA-AE2C-4BE6-8790-477DE2B40A73}"
EndProject
Global
	GlobalSection(SolutionConfigurationPlatforms) = preSolution
		Debug|Any CPU = Debug|Any CPU
		Release|Any CPU = Release|Any CPU
	EndGlobalSection
	GlobalSection(ProjectConfigurationPlatforms) = postSolution
		{03D860AA-AE2C-4BE6-8790-477DE2B40A73}.Debug|Any CPU.ActiveCfg = Debug|Any CPU
		{03D860AA-AE2C-4BE6-8790-477DE2B40A73}.Debug|Any CPU.Build.0 = Debug|Any CPU
		{03D860AA-AE2C-4BE6-8790-477DE2B40A73}.Release|Any CPU.ActiveCfg = Release|Any CPU
		{03D860AA-AE2C-4BE6-8790-477DE2B40A73}.Release|Any CPU.Build.0 = Release|Any CPU
	EndGlobalSection
	GlobalSection(SolutionProperties) = preSolution
		HideSolutionNode = FALSE
	EndGlobalSection
	GlobalSection(ExtensibilityGlobals) = postSolution
		SolutionGuid = {D32FFD8B-63EE-40A2-9BA0-4FE5D7D3A486}
	EndGlobalSection
EndGlobal
